
Microsoft Visual Studio Solution File, Format Version 12.00
# Visual Studio Version 17
VisualStudioVersion = 17.14.36915.13
MinimumVisualStudioVersion = 10.0.40219.1
Project("{FAE04EC0-301F-11D3-BF4B-00C04F79EFBC}") = "Warehouse.App", "Warehouse.App\Warehouse.App.csproj", "{6E66A60A-126A-4897-A602-D8B6E9D04CB9}"
EndProject
Project("{FAE04EC0-301F-11D3-BF4B-00C04F79EFBC}") = "Warehouse.DTO", "Warehouse.DTO\Warehouse.DTO.csproj", "{6AEAB06D-2B55-4FAB-A0CC-B3E003D76BE5}"
EndProject
Project("{FAE04EC0-301F-11D3-BF4B-00C04F79EFBC}") = "Warehouse.Repository", "Warehouse.Repository\Warehouse.Repository.csproj", "{A3F3F67A-9CFA-4EC3-B225-02421097FAC3}"
EndProject
Project("{FAE04EC0-301F-11D3-BF4B-00C04F79EFBC}") = "Warehouse.Service", "Warehouse.Service\Warehouse.Service.csproj", "{C0D50AE6-40DC-4AF0-B3A3-1262BF85E5B5}"
EndProject
Project("{FAE04EC0-301F-11D3-BF4B-00C04F79EFBC}") = "Warehouse.Extension", "Warehouse.Extension\Warehouse.Extension.csproj", "{7D636E66-25D2-4095-8D85-DE9453424898}"
EndProject
Project("{00D1A9C2-B5F0-4AF3-8072-F6C62B433612}") = "Warehouse.Database", "Warehouse.Database\Warehouse.Database.sqlproj", "{6563987D-C0A7-4481-AC03-64F9010C8B70}"
EndProject
Project("{FAE04EC0-301F-11D3-BF4B-00C04F79EFBC}") = "Warehouse.Test", "Warehouse.Test\Warehouse.Test.csproj", "{CDCBEE59-4294-40DE-9433-3177146DF716}"
EndProject
Global
	GlobalSection(SolutionConfigurationPlatforms) = preSolution
		Debug|Any CPU = Debug|Any CPU
		Release|Any CPU = Release|Any CPU
	EndGlobalSection
	GlobalSection(ProjectConfigurationPlatforms) = postSolution
		{6E66A60A-126A-4897-A602-D8B6E9D04CB9}.Debug|Any CPU.ActiveCfg = Debug|Any CPU
		{6E66A60A-126A-4897-A602-D8B6E9D04CB9}.Debug|Any CPU.Build.0 = Debug|Any CPU
		{6E66A60A-126A-4897-A602-D8B6E9D04CB9}.Release|Any CPU.ActiveCfg = Release|Any CPU
		{6E66A60A-126A-4897-A602-D8B6E9D04CB9}.Release|Any CPU.Build.0 = Release|Any CPU
		{6AEAB06D-2B55-4FAB-A0CC-B3E003D76BE5}.Debug|Any CPU.ActiveCfg = Debug|Any CPU
		{6AEAB06D-2B55-4FAB-A0CC-B3E003D76BE5}.Debug|Any CPU.Build.0 = Debug|Any CPU
		{6AEAB06D-2B55-4FAB-A0CC-B3E003D76BE5}.Release|Any CPU.ActiveCfg = Release|Any CPU
		{6AEAB06D-2B55-4FAB-A0CC-B3E003D76BE5}.Release|Any CPU.Build.0 = Release|Any CPU
		{A3F3F67A-9CFA-4EC3-B225-02421097FAC3}.Debug|Any CPU.ActiveCfg = Debug|Any CPU
		{A3F3F67A-9CFA-4EC3-B225-02421097FAC3}.Debug|Any CPU.Build.0 = Debug|Any CPU
		{A3F3F67A-9CFA-4EC3-B225-02421097FAC3}.Release|Any CPU.ActiveCfg = Release|Any CPU
		{A3F3F67A-9CFA-4EC3-B225-02421097FAC3}.Release|Any CPU.Build.0 = Release|Any CPU
		{C0D50AE6-40DC-4AF0-B3A3-1262BF85E5B5}.Debug|Any CPU.ActiveCfg = Debug|Any CPU
		{C0D50AE6-40DC-4AF0-B3A3-1262BF85E5B5}.Debug|Any CPU.Build.0 = Debug|Any CPU
		{C0D50AE6-40DC-4AF0-B3A3-1262BF85E5B5}.Release|Any CPU.ActiveCfg = Release|Any CPU
		{C0D50AE6-40DC-4AF0-B3A3-1262BF85E5B5}.Release|Any CPU.Build.0 = Release|Any CPU
		{7D636E66-25D2-4095-8D85-DE9453424898}.Debug|Any CPU.ActiveCfg = Debug|Any CPU
		{7D636E66-25D2-4095-8D85-DE9453424898}.Debug|Any CPU.Build.0 = Debug|Any CPU
		{7D636E66-25D2-4095-8D85-DE9453424898}.Release|Any CPU.ActiveCfg = Release|Any CPU
		{7D636E66-25D2-4095-8D85-DE9453424898}.Release|Any CPU.Build.0 = Release|Any CPU
		{6563987D-C0A7-4481-AC03-64F9010C8B70}.Debug|Any CPU.ActiveCfg = Debug|Any CPU
		{6563987D-C0A7-4481-AC03-64F9010C8B70}.Debug|Any CPU.Build.0 = Debug|Any CPU
		{6563987D-C0A7-4481-AC03-64F9010C8B70}.Debug|Any CPU.Deploy.0 = Debug|Any CPU
		{6563987D-C0A7-4481-AC03-64F9010C8B70}.Release|Any CPU.ActiveCfg = Release|Any CPU
		{6563987D-C0A7-4481-AC03-64F9010C8B70}.Release|Any CPU.Build.0 = Release|Any CPU
		{6563987D-C0A7-4481-AC03-64F9010C8B70}.Release|Any CPU.Deploy.0 = Release|Any CPU
		{CDCBEE59-4294-40DE-9433-3177146DF716}.Debug|Any CPU.ActiveCfg = Debug|Any CPU
		{CDCBEE59-4294-40DE-9433-3177146DF716}.Debug|Any CPU.Build.0 = Debug|Any CPU
		{CDCBEE59-4294-40DE-9433-3177146DF716}.Release|Any CPU.ActiveCfg = Release|Any CPU
		{CDCBEE59-4294-40DE-9433-3177146DF716}.Release|Any CPU.Build.0 = Release|Any CPU
	EndGlobalSection
	GlobalSection(SolutionProperties) = preSolution
		HideSolutionNode = FALSE
	EndGlobalSection
	GlobalSection(ExtensibilityGlobals) = postSolution
		SolutionGuid = {A3649705-98AB-4915-B356-7BB86049F72B}
	EndGlobalSection
EndGlobal
